
Microsoft Visual Studio Solution File, Format Version 12.00
# Visual Studio Version 17
VisualStudioVersion = 17.13.35806.99
MinimumVisualStudioVersion = 10.0.40219.1
Project("{FAE04EC0-301F-11D3-BF4B-00C04F79EFBC}") = "NetMauiOptainiumHelloWorld", "NetMauiOptainiumHelloWorld\NetMauiOptainiumHelloWorld.csproj", "{46E669E7-B617-476F-83F8-ACAE1D5F6AEF}"
EndProject
Project("{2150E333-8FDC-42A3-9474-1A3956D46DE8}") = ".github", ".github", "{02EA681E-C7D8-13C7-8484-4AC65E1B71E8}"
EndProject
Project("{2150E333-8FDC-42A3-9474-1A3956D46DE8}") = "workflow", "workflow", "{D5B2A766-3DFA-47E4-B281-58B753650CDC}"
	ProjectSection(SolutionItems) = preProject
		.github\workflows\build.yml = .github\workflows\build.yml
	EndProjectSection
EndProject
Global
	GlobalSection(SolutionConfigurationPlatforms) = preSolution
		Debug|Any CPU = Debug|Any CPU
		Release|Any CPU = Release|Any CPU
	EndGlobalSection
	GlobalSection(ProjectConfigurationPlatforms) = postSolution
		{46E669E7-B617-476F-83F8-ACAE1D5F6AEF}.Debug|Any CPU.ActiveCfg = Debug|Any CPU
		{46E669E7-B617-476F-83F8-ACAE1D5F6AEF}.Debug|Any CPU.Build.0 = Debug|Any CPU
		{46E669E7-B617-476F-83F8-ACAE1D5F6AEF}.Debug|Any CPU.Deploy.0 = Debug|Any CPU
		{46E669E7-B617-476F-83F8-ACAE1D5F6AEF}.Release|Any CPU.ActiveCfg = Release|Any CPU
		{46E669E7-B617-476F-83F8-ACAE1D5F6AEF}.Release|Any CPU.Build.0 = Release|Any CPU
		{46E669E7-B617-476F-83F8-ACAE1D5F6AEF}.Release|Any CPU.Deploy.0 = Release|Any CPU
	EndGlobalSection
	GlobalSection(SolutionProperties) = preSolution
		HideSolutionNode = FALSE
	EndGlobalSection
	GlobalSection(NestedProjects) = preSolution
		{D5B2A766-3DFA-47E4-B281-58B753650CDC} = {02EA681E-C7D8-13C7-8484-4AC65E1B71E8}
	EndGlobalSection
	GlobalSection(ExtensibilityGlobals) = postSolution
		SolutionGuid = {0BCDA5E5-9E98-4E71-82E9-9FA8B8C57633}
	EndGlobalSection
EndGlobal
